
Microsoft Visual Studio Solution File, Format Version 12.00
# Visual Studio 2012
Project("{8BC9CEB8-8B4A-11D0-8D11-00A0C91BC942}") = "game_sfml_oops_test", "game_sfml_oops_test\game_sfml_oops_test.vcxproj", "{DDEF5B98-6FC3-4E61-9D40-2543340C95F6}"
EndProject
Global
	GlobalSection(SolutionConfigurationPlatforms) = preSolution
		Debug|Win32 = Debug|Win32
		Release|Win32 = Release|Win32
	EndGlobalSection
	GlobalSection(ProjectConfigurationPlatforms) = postSolution
		{DDEF5B98-6FC3-4E61-9D40-2543340C95F6}.Debug|Win32.ActiveCfg = Debug|Win32
		{DDEF5B98-6FC3-4E61-9D40-2543340C95F6}.Debug|Win32.Build.0 = Debug|Win32
		{DDEF5B98-6FC3-4E61-9D40-2543340C95F6}.Release|Win32.ActiveCfg = Release|Win32
		{DDEF5B98-6FC3-4E61-9D40-2543340C95F6}.Release|Win32.Build.0 = Release|Win32
	EndGlobalSection
	GlobalSection(SolutionProperties) = preSolution
		HideSolutionNode = FALSE
	EndGlobalSection
EndGlobal
